# THIS IS AN AUTOGENERATED FILE. DO NOT EDIT THIS FILE DIRECTLY.
# yarn lockfile v1


"@sindresorhus/is@^4.0.0":
  version "4.0.0"
  resolved "https://registry.npm.taobao.org/@sindresorhus/is/download/@sindresorhus/is-4.0.0.tgz#2ff674e9611b45b528896d820d3d7a812de2f0e4"
  integrity sha1-L/Z06WEbRbUoiW2CDT16gS3i8OQ=

adm-zip@^0.5.9:
  version "0.5.9"
  resolved "https://registry.npmmirror.com/adm-zip/download/adm-zip-0.5.9.tgz#b33691028333821c0cf95c31374c5462f2905a83"
  integrity sha1-szaRAoMzghwM+VwxN0xUYvKQWoM=
